// !$*UTF8*$!
{
	archiveVersion = 1;
	classes = {
	};
	objectVersion = 55;
	objects = {

/* Begin PBXBuildFile section */
		D85DCC662D56C5B700CE4BAD /* Assets.xcassets in Resources */ = {isa = PBXBuildFile; fileRef = D85DCC652D56C5B700CE4BAD /* Assets.xcassets */; };
		D85DCC692D56C5B700CE4BAD /* Preview Assets.xcassets in Resources */ = {isa = PBXBuildFile; fileRef = D85DCC682D56C5B700CE4BAD /* Preview Assets.xcassets */; };
		D85DCC732D56C5B800CE4BAD /* ChefDeliveryTests.swift in Sources */ = {isa = PBXBuildFile; fileRef = D85DCC722D56C5B800CE4BAD /* ChefDeliveryTests.swift */; };
		D85DCC7D2D56C5B800CE4BAD /* ChefDeliveryUITests.swift in Sources */ = {isa = PBXBuildFile; fileRef = D85DCC7C2D56C5B800CE4BAD /* ChefDeliveryUITests.swift */; };
		D85DCC7F2D56C5B800CE4BAD /* ChefDeliveryUITestsLaunchTests.swift in Sources */ = {isa = PBXBuildFile; fileRef = D85DCC7E2D56C5B800CE4BAD /* ChefDeliveryUITestsLaunchTests.swift */; };
		D85DCC8E2D56C92E00CE4BAD /* NavigationBar.swift in Sources */ = {isa = PBXBuildFile; fileRef = D85DCC8D2D56C92E00CE4BAD /* NavigationBar.swift */; };
		D85DCC912D56DA4700CE4BAD /* OrderTypeGridView.swift in Sources */ = {isa = PBXBuildFile; fileRef = D85DCC902D56DA4700CE4BAD /* OrderTypeGridView.swift */; };
		D85DCC922D56DEA900CE4BAD /* ChefDeliveryApp.swift in Sources */ = {isa = PBXBuildFile; fileRef = D85DCC612D56C5B300CE4BAD /* ChefDeliveryApp.swift */; };
		D85DCC932D56DF2E00CE4BAD /* ContentView.swift in Sources */ = {isa = PBXBuildFile; fileRef = D85DCC632D56C5B300CE4BAD /* ContentView.swift */; };
		D85DCC962D56E28400CE4BAD /* OrderType.swift in Sources */ = {isa = PBXBuildFile; fileRef = D85DCC952D56E28400CE4BAD /* OrderType.swift */; };
		D85DCC982D56E30E00CE4BAD /* DataSourceMock.swift in Sources */ = {isa = PBXBuildFile; fileRef = D85DCC972D56E30E00CE4BAD /* DataSourceMock.swift */; };
		D85DCC9A2D56E6EB00CE4BAD /* OrderTypeView.swift in Sources */ = {isa = PBXBuildFile; fileRef = D85DCC992D56E6EB00CE4BAD /* OrderTypeView.swift */; };
/* End PBXBuildFile section */

/* Begin PBXContainerItemProxy section */
		D85DCC6F2D56C5B800CE4BAD /* PBXContainerItemProxy */ = {
			isa = PBXContainerItemProxy;
			containerPortal = D85DCC562D56C5B300CE4BAD /* Project object */;
			proxyType = 1;
			remoteGlobalIDString = D85DCC5D2D56C5B300CE4BAD;
			remoteInfo = ChefDelivery;
		};
		D85DCC792D56C5B800CE4BAD /* PBXContainerItemProxy */ = {
			isa = PBXContainerItemProxy;
			containerPortal = D85DCC562D56C5B300CE4BAD /* Project object */;
			proxyType = 1;
			remoteGlobalIDString = D85DCC5D2D56C5B300CE4BAD;
			remoteInfo = ChefDelivery;
		};
/* End PBXContainerItemProxy section */

/* Begin PBXFileReference section */
		D85DCC5E2D56C5B300CE4BAD /* ChefDelivery.app */ = {isa = PBXFileReference; explicitFileType = wrapper.application; includeInIndex = 0; path = ChefDelivery.app; sourceTree = BUILT_PRODUCTS_DIR; };
		D85DCC612D56C5B300CE4BAD /* ChefDeliveryApp.swift */ = {isa = PBXFileReference; lastKnownFileType = sourcecode.swift; path = ChefDeliveryApp.swift; sourceTree = "<group>"; };
		D85DCC632D56C5B300CE4BAD /* ContentView.swift */ = {isa = PBXFileReference; lastKnownFileType = sourcecode.swift; path = ContentView.swift; sourceTree = "<group>"; };
		D85DCC652D56C5B700CE4BAD /* Assets.xcassets */ = {isa = PBXFileReference; lastKnownFileType = folder.assetcatalog; path = Assets.xcassets; sourceTree = "<group>"; };
		D85DCC682D56C5B700CE4BAD /* Preview Assets.xcassets */ = {isa = PBXFileReference; lastKnownFileType = folder.assetcatalog; path = "Preview Assets.xcassets"; sourceTree = "<group>"; };
		D85DCC6E2D56C5B800CE4BAD /* ChefDeliveryTests.xctest */ = {isa = PBXFileReference; explicitFileType = wrapper.cfbundle; includeInIndex = 0; path = ChefDeliveryTests.xctest; sourceTree = BUILT_PRODUCTS_DIR; };
		D85DCC722D56C5B800CE4BAD /* ChefDeliveryTests.swift */ = {isa = PBXFileReference; lastKnownFileType = sourcecode.swift; path = ChefDeliveryTests.swift; sourceTree = "<group>"; };
		D85DCC782D56C5B800CE4BAD /* ChefDeliveryUITests.xctest */ = {isa = PBXFileReference; explicitFileType = wrapper.cfbundle; includeInIndex = 0; path = ChefDeliveryUITests.xctest; sourceTree = BUILT_PRODUCTS_DIR; };
		D85DCC7C2D56C5B800CE4BAD /* ChefDeliveryUITests.swift */ = {isa = PBXFileReference; lastKnownFileType = sourcecode.swift; path = ChefDeliveryUITests.swift; sourceTree = "<group>"; };
		D85DCC7E2D56C5B800CE4BAD /* ChefDeliveryUITestsLaunchTests.swift */ = {isa = PBXFileReference; lastKnownFileType = sourcecode.swift; path = ChefDeliveryUITestsLaunchTests.swift; sourceTree = "<group>"; };
		D85DCC8D2D56C92E00CE4BAD /* NavigationBar.swift */ = {isa = PBXFileReference; lastKnownFileType = sourcecode.swift; path = NavigationBar.swift; sourceTree = "<group>"; };
		D85DCC902D56DA4700CE4BAD /* OrderTypeGridView.swift */ = {isa = PBXFileReference; lastKnownFileType = sourcecode.swift; path = OrderTypeGridView.swift; sourceTree = "<group>"; };
		D85DCC952D56E28400CE4BAD /* OrderType.swift */ = {isa = PBXFileReference; lastKnownFileType = sourcecode.swift; path = OrderType.swift; sourceTree = "<group>"; };
		D85DCC972D56E30E00CE4BAD /* DataSourceMock.swift */ = {isa = PBXFileReference; lastKnownFileType = sourcecode.swift; path = DataSourceMock.swift; sourceTree = "<group>"; };
		D85DCC992D56E6EB00CE4BAD /* OrderTypeView.swift */ = {isa = PBXFileReference; lastKnownFileType = sourcecode.swift; path = OrderTypeView.swift; sourceTree = "<group>"; };
/* End PBXFileReference section */

/* Begin PBXFrameworksBuildPhase section */
		D85DCC5B2D56C5B300CE4BAD /* Frameworks */ = {
			isa = PBXFrameworksBuildPhase;
			buildActionMask = 2147483647;
			files = (
			);
			runOnlyForDeploymentPostprocessing = 0;
		};
		D85DCC6B2D56C5B800CE4BAD /* Frameworks */ = {
			isa = PBXFrameworksBuildPhase;
			buildActionMask = 2147483647;
			files = (
			);
			runOnlyForDeploymentPostprocessing = 0;
		};
		D85DCC752D56C5B800CE4BAD /* Frameworks */ = {
			isa = PBXFrameworksBuildPhase;
			buildActionMask = 2147483647;
			files = (
			);
			runOnlyForDeploymentPostprocessing = 0;
		};
/* End PBXFrameworksBuildPhase section */

/* Begin PBXGroup section */
		D85DCC552D56C5B300CE4BAD = {
			isa = PBXGroup;
			children = (
				D85DCC602D56C5B300CE4BAD /* ChefDelivery */,
				D85DCC712D56C5B800CE4BAD /* ChefDeliveryTests */,
				D85DCC7B2D56C5B800CE4BAD /* ChefDeliveryUITests */,
				D85DCC5F2D56C5B300CE4BAD /* Products */,
			);
			sourceTree = "<group>";
		};
		D85DCC5F2D56C5B300CE4BAD /* Products */ = {
			isa = PBXGroup;
			children = (
				D85DCC5E2D56C5B300CE4BAD /* ChefDelivery.app */,
				D85DCC6E2D56C5B800CE4BAD /* ChefDeliveryTests.xctest */,
				D85DCC782D56C5B800CE4BAD /* ChefDeliveryUITests.xctest */,
			);
			name = Products;
			sourceTree = "<group>";
		};
		D85DCC602D56C5B300CE4BAD /* ChefDelivery */ = {
			isa = PBXGroup;
			children = (
				D85DCC8B2D56C8F200CE4BAD /* App */,
				D85DCC942D56E23800CE4BAD /* Model */,
				D85DCC8C2D56C90200CE4BAD /* NavigationBar */,
				D85DCC8F2D56DA0F00CE4BAD /* GridView */,
				D85DCC652D56C5B700CE4BAD /* Assets.xcassets */,
				D85DCC672D56C5B700CE4BAD /* Preview Content */,
			);
			path = ChefDelivery;
			sourceTree = "<group>";
		};
		D85DCC672D56C5B700CE4BAD /* Preview Content */ = {
			isa = PBXGroup;
			children = (
				D85DCC682D56C5B700CE4BAD /* Preview Assets.xcassets */,
			);
			path = "Preview Content";
			sourceTree = "<group>";
		};
		D85DCC712D56C5B800CE4BAD /* ChefDeliveryTests */ = {
			isa = PBXGroup;
			children = (
				D85DCC722D56C5B800CE4BAD /* ChefDeliveryTests.swift */,
			);
			path = ChefDeliveryTests;
			sourceTree = "<group>";
		};
		D85DCC7B2D56C5B800CE4BAD /* ChefDeliveryUITests */ = {
			isa = PBXGroup;
			children = (
				D85DCC7C2D56C5B800CE4BAD /* ChefDeliveryUITests.swift */,
				D85DCC7E2D56C5B800CE4BAD /* ChefDeliveryUITestsLaunchTests.swift */,
			);
			path = ChefDeliveryUITests;
			sourceTree = "<group>";
		};
		D85DCC8B2D56C8F200CE4BAD /* App */ = {
			isa = PBXGroup;
			children = (
				D85DCC612D56C5B300CE4BAD /* ChefDeliveryApp.swift */,
				D85DCC632D56C5B300CE4BAD /* ContentView.swift */,
			);
			path = App;
			sourceTree = "<group>";
		};
		D85DCC8C2D56C90200CE4BAD /* NavigationBar */ = {
			isa = PBXGroup;
			children = (
				D85DCC8D2D56C92E00CE4BAD /* NavigationBar.swift */,
			);
			path = NavigationBar;
			sourceTree = "<group>";
		};
		D85DCC8F2D56DA0F00CE4BAD /* GridView */ = {
			isa = PBXGroup;
			children = (
				D85DCC902D56DA4700CE4BAD /* OrderTypeGridView.swift */,
				D85DCC992D56E6EB00CE4BAD /* OrderTypeView.swift */,
			);
			path = GridView;
			sourceTree = "<group>";
		};
		D85DCC942D56E23800CE4BAD /* Model */ = {
			isa = PBXGroup;
			children = (
				D85DCC952D56E28400CE4BAD /* OrderType.swift */,
				D85DCC972D56E30E00CE4BAD /* DataSourceMock.swift */,
			);
			path = Model;
			sourceTree = "<group>";
		};
/* End PBXGroup section */

/* Begin PBXNativeTarget section */
		D85DCC5D2D56C5B300CE4BAD /* ChefDelivery */ = {
			isa = PBXNativeTarget;
			buildConfigurationList = D85DCC822D56C5B800CE4BAD /* Build configuration list for PBXNativeTarget "ChefDelivery" */;
			buildPhases = (
				D85DCC5A2D56C5B300CE4BAD /* Sources */,
				D85DCC5B2D56C5B300CE4BAD /* Frameworks */,
				D85DCC5C2D56C5B300CE4BAD /* Resources */,
			);
			buildRules = (
			);
			dependencies = (
			);
			name = ChefDelivery;
			productName = ChefDelivery;
			productReference = D85DCC5E2D56C5B300CE4BAD /* ChefDelivery.app */;
			productType = "com.apple.product-type.application";
		};
		D85DCC6D2D56C5B800CE4BAD /* ChefDeliveryTests */ = {
			isa = PBXNativeTarget;
			buildConfigurationList = D85DCC852D56C5B800CE4BAD /* Build configuration list for PBXNativeTarget "ChefDeliveryTests" */;
			buildPhases = (
				D85DCC6A2D56C5B800CE4BAD /* Sources */,
				D85DCC6B2D56C5B800CE4BAD /* Frameworks */,
				D85DCC6C2D56C5B800CE4BAD /* Resources */,
			);
			buildRules = (
			);
			dependencies = (
				D85DCC702D56C5B800CE4BAD /* PBXTargetDependency */,
			);
			name = ChefDeliveryTests;
			productName = ChefDeliveryTests;
			productReference = D85DCC6E2D56C5B800CE4BAD /* ChefDeliveryTests.xctest */;
			productType = "com.apple.product-type.bundle.unit-test";
		};
		D85DCC772D56C5B800CE4BAD /* ChefDeliveryUITests */ = {
			isa = PBXNativeTarget;
			buildConfigurationList = D85DCC882D56C5B800CE4BAD /* Build configuration list for PBXNativeTarget "ChefDeliveryUITests" */;
			buildPhases = (
				D85DCC742D56C5B800CE4BAD /* Sources */,
				D85DCC752D56C5B800CE4BAD /* Frameworks */,
				D85DCC762D56C5B800CE4BAD /* Resources */,
			);
			buildRules = (
			);
			dependencies = (
				D85DCC7A2D56C5B800CE4BAD /* PBXTargetDependency */,
			);
			name = ChefDeliveryUITests;
			productName = ChefDeliveryUITests;
			productReference = D85DCC782D56C5B800CE4BAD /* ChefDeliveryUITests.xctest */;
			productType = "com.apple.product-type.bundle.ui-testing";
		};
/* End PBXNativeTarget section */

/* Begin PBXProject section */
		D85DCC562D56C5B300CE4BAD /* Project object */ = {
			isa = PBXProject;
			attributes = {
				BuildIndependentTargetsInParallel = 1;
				LastSwiftUpdateCheck = 1340;
				LastUpgradeCheck = 1340;
				TargetAttributes = {
					D85DCC5D2D56C5B300CE4BAD = {
						CreatedOnToolsVersion = 13.4.1;
					};
					D85DCC6D2D56C5B800CE4BAD = {
						CreatedOnToolsVersion = 13.4.1;
						TestTargetID = D85DCC5D2D56C5B300CE4BAD;
					};
					D85DCC772D56C5B800CE4BAD = {
						CreatedOnToolsVersion = 13.4.1;
						TestTargetID = D85DCC5D2D56C5B300CE4BAD;
					};
				};
			};
			buildConfigurationList = D85DCC592D56C5B300CE4BAD /* Build configuration list for PBXProject "ChefDelivery" */;
			compatibilityVersion = "Xcode 13.0";
			developmentRegion = en;
			hasScannedForEncodings = 0;
			knownRegions = (
				en,
				Base,
			);
			mainGroup = D85DCC552D56C5B300CE4BAD;
			productRefGroup = D85DCC5F2D56C5B300CE4BAD /* Products */;
			projectDirPath = "";
			projectRoot = "";
			targets = (
				D85DCC5D2D56C5B300CE4BAD /* ChefDelivery */,
				D85DCC6D2D56C5B800CE4BAD /* ChefDeliveryTests */,
				D85DCC772D56C5B800CE4BAD /* ChefDeliveryUITests */,
			);
		};
/* End PBXProject section */

/* Begin PBXResourcesBuildPhase section */
		D85DCC5C2D56C5B300CE4BAD /* Resources */ = {
			isa = PBXResourcesBuildPhase;
			buildActionMask = 2147483647;
			files = (
				D85DCC692D56C5B700CE4BAD /* Preview Assets.xcassets in Resources */,
				D85DCC662D56C5B700CE4BAD /* Assets.xcassets in Resources */,
			);
			runOnlyForDeploymentPostprocessing = 0;
		};
		D85DCC6C2D56C5B800CE4BAD /* Resources */ = {
			isa = PBXResourcesBuildPhase;
			buildActionMask = 2147483647;
			files = (
			);
			runOnlyForDeploymentPostprocessing = 0;
		};
		D85DCC762D56C5B800CE4BAD /* Resources */ = {
			isa = PBXResourcesBuildPhase;
			buildActionMask = 2147483647;
			files = (
			);
			runOnlyForDeploymentPostprocessing = 0;
		};
/* End PBXResourcesBuildPhase section */

/* Begin PBXSourcesBuildPhase section */
		D85DCC5A2D56C5B300CE4BAD /* Sources */ = {
			isa = PBXSourcesBuildPhase;
			buildActionMask = 2147483647;
			files = (
				D85DCC962D56E28400CE4BAD /* OrderType.swift in Sources */,
				D85DCC932D56DF2E00CE4BAD /* ContentView.swift in Sources */,
				D85DCC982D56E30E00CE4BAD /* DataSourceMock.swift in Sources */,
				D85DCC9A2D56E6EB00CE4BAD /* OrderTypeView.swift in Sources */,
				D85DCC922D56DEA900CE4BAD /* ChefDeliveryApp.swift in Sources */,
				D85DCC912D56DA4700CE4BAD /* OrderTypeGridView.swift in Sources */,
				D85DCC8E2D56C92E00CE4BAD /* NavigationBar.swift in Sources */,
			);
			runOnlyForDeploymentPostprocessing = 0;
		};
		D85DCC6A2D56C5B800CE4BAD /* Sources */ = {
			isa = PBXSourcesBuildPhase;
			buildActionMask = 2147483647;
			files = (
				D85DCC732D56C5B800CE4BAD /* ChefDeliveryTests.swift in Sources */,
			);
			runOnlyForDeploymentPostprocessing = 0;
		};
		D85DCC742D56C5B800CE4BAD /* Sources */ = {
			isa = PBXSourcesBuildPhase;
			buildActionMask = 2147483647;
			files = (
				D85DCC7F2D56C5B800CE4BAD /* ChefDeliveryUITestsLaunchTests.swift in Sources */,
				D85DCC7D2D56C5B800CE4BAD /* ChefDeliveryUITests.swift in Sources */,
			);
			runOnlyForDeploymentPostprocessing = 0;
		};
/* End PBXSourcesBuildPhase section */

/* Begin PBXTargetDependency section */
		D85DCC702D56C5B800CE4BAD /* PBXTargetDependency */ = {
			isa = PBXTargetDependency;
			target = D85DCC5D2D56C5B300CE4BAD /* ChefDelivery */;
			targetProxy = D85DCC6F2D56C5B800CE4BAD /* PBXContainerItemProxy */;
		};
		D85DCC7A2D56C5B800CE4BAD /* PBXTargetDependency */ = {
			isa = PBXTargetDependency;
			target = D85DCC5D2D56C5B300CE4BAD /* ChefDelivery */;
			targetProxy = D85DCC792D56C5B800CE4BAD /* PBXContainerItemProxy */;
		};
/* End PBXTargetDependency section */

/* Begin XCBuildConfiguration section */
		D85DCC802D56C5B800CE4BAD /* Debug */ = {
			isa = XCBuildConfiguration;
			buildSettings = {
				ALWAYS_SEARCH_USER_PATHS = NO;
				CLANG_ANALYZER_NONNULL = YES;
				CLANG_ANALYZER_NUMBER_OBJECT_CONVERSION = YES_AGGRESSIVE;
				CLANG_CXX_LANGUAGE_STANDARD = "gnu++17";
				CLANG_ENABLE_MODULES = YES;
				CLANG_ENABLE_OBJC_ARC = YES;
				CLANG_ENABLE_OBJC_WEAK = YES;
				CLANG_WARN_BLOCK_CAPTURE_AUTORELEASING = YES;
				CLANG_WARN_BOOL_CONVERSION = YES;
				CLANG_WARN_COMMA = YES;
				CLANG_WARN_CONSTANT_CONVERSION = YES;
				CLANG_WARN_DEPRECATED_OBJC_IMPLEMENTATIONS = YES;
				CLANG_WARN_DIRECT_OBJC_ISA_USAGE = YES_ERROR;
				CLANG_WARN_DOCUMENTATION_COMMENTS = YES;
				CLANG_WARN_EMPTY_BODY = YES;
				CLANG_WARN_ENUM_CONVERSION = YES;
				CLANG_WARN_INFINITE_RECURSION = YES;
				CLANG_WARN_INT_CONVERSION = YES;
				CLANG_WARN_NON_LITERAL_NULL_CONVERSION = YES;
				CLANG_WARN_OBJC_IMPLICIT_RETAIN_SELF = YES;
				CLANG_WARN_OBJC_LITERAL_CONVERSION = YES;
				CLANG_WARN_OBJC_ROOT_CLASS = YES_ERROR;
				CLANG_WARN_QUOTED_INCLUDE_IN_FRAMEWORK_HEADER = YES;
				CLANG_WARN_RANGE_LOOP_ANALYSIS = YES;
				CLANG_WARN_STRICT_PROTOTYPES = YES;
				CLANG_WARN_SUSPICIOUS_MOVE = YES;
				CLANG_WARN_UNGUARDED_AVAILABILITY = YES_AGGRESSIVE;
				CLANG_WARN_UNREACHABLE_CODE = YES;
				CLANG_WARN__DUPLICATE_METHOD_MATCH = YES;
				COPY_PHASE_STRIP = NO;
				DEBUG_INFORMATION_FORMAT = dwarf;
				ENABLE_STRICT_OBJC_MSGSEND = YES;
				ENABLE_TESTABILITY = YES;
				GCC_C_LANGUAGE_STANDARD = gnu11;
				GCC_DYNAMIC_NO_PIC = NO;
				GCC_NO_COMMON_BLOCKS = YES;
				GCC_OPTIMIZATION_LEVEL = 0;
				GCC_PREPROCESSOR_DEFINITIONS = (
					"DEBUG=1",
					"$(inherited)",
				);
				GCC_WARN_64_TO_32_BIT_CONVERSION = YES;
				GCC_WARN_ABOUT_RETURN_TYPE = YES_ERROR;
				GCC_WARN_UNDECLARED_SELECTOR = YES;
				GCC_WARN_UNINITIALIZED_AUTOS = YES_AGGRESSIVE;
				GCC_WARN_UNUSED_FUNCTION = YES;
				GCC_WARN_UNUSED_VARIABLE = YES;
				IPHONEOS_DEPLOYMENT_TARGET = 15.5;
				MTL_ENABLE_DEBUG_INFO = INCLUDE_SOURCE;
				MTL_FAST_MATH = YES;
				ONLY_ACTIVE_ARCH = YES;
				SDKROOT = iphoneos;
				SWIFT_ACTIVE_COMPILATION_CONDITIONS = DEBUG;
				SWIFT_OPTIMIZATION_LEVEL = "-Onone";
			};
			name = Debug;
		};
		D85DCC812D56C5B800CE4BAD /* Release */ = {
			isa = XCBuildConfiguration;
			buildSettings = {
				ALWAYS_SEARCH_USER_PATHS = NO;
				CLANG_ANALYZER_NONNULL = YES;
				CLANG_ANALYZER_NUMBER_OBJECT_CONVERSION = YES_AGGRESSIVE;
				CLANG_CXX_LANGUAGE_STANDARD = "gnu++17";
				CLANG_ENABLE_MODULES = YES;
				CLANG_ENABLE_OBJC_ARC = YES;
				CLANG_ENABLE_OBJC_WEAK = YES;
				CLANG_WARN_BLOCK_CAPTURE_AUTORELEASING = YES;
				CLANG_WARN_BOOL_CONVERSION = YES;
				CLANG_WARN_COMMA = YES;
				CLANG_WARN_CONSTANT_CONVERSION = YES;
				CLANG_WARN_DEPRECATED_OBJC_IMPLEMENTATIONS = YES;
				CLANG_WARN_DIRECT_OBJC_ISA_USAGE = YES_ERROR;
				CLANG_WARN_DOCUMENTATION_COMMENTS = YES;
				CLANG_WARN_EMPTY_BODY = YES;
				CLANG_WARN_ENUM_CONVERSION = YES;
				CLANG_WARN_INFINITE_RECURSION = YES;
				CLANG_WARN_INT_CONVERSION = YES;
				CLANG_WARN_NON_LITERAL_NULL_CONVERSION = YES;
				CLANG_WARN_OBJC_IMPLICIT_RETAIN_SELF = YES;
				CLANG_WARN_OBJC_LITERAL_CONVERSION = YES;
				CLANG_WARN_OBJC_ROOT_CLASS = YES_ERROR;
				CLANG_WARN_QUOTED_INCLUDE_IN_FRAMEWORK_HEADER = YES;
				CLANG_WARN_RANGE_LOOP_ANALYSIS = YES;
				CLANG_WARN_STRICT_PROTOTYPES = YES;
				CLANG_WARN_SUSPICIOUS_MOVE = YES;
				CLANG_WARN_UNGUARDED_AVAILABILITY = YES_AGGRESSIVE;
				CLANG_WARN_UNREACHABLE_CODE = YES;
				CLANG_WARN__DUPLICATE_METHOD_MATCH = YES;
				COPY_PHASE_STRIP = NO;
				DEBUG_INFORMATION_FORMAT = "dwarf-with-dsym";
				ENABLE_NS_ASSERTIONS = NO;
				ENABLE_STRICT_OBJC_MSGSEND = YES;
				GCC_C_LANGUAGE_STANDARD = gnu11;
				GCC_NO_COMMON_BLOCKS = YES;
				GCC_WARN_64_TO_32_BIT_CONVERSION = YES;
				GCC_WARN_ABOUT_RETURN_TYPE = YES_ERROR;
				GCC_WARN_UNDECLARED_SELECTOR = YES;
				GCC_WARN_UNINITIALIZED_AUTOS = YES_AGGRESSIVE;
				GCC_WARN_UNUSED_FUNCTION = YES;
				GCC_WARN_UNUSED_VARIABLE = YES;
				IPHONEOS_DEPLOYMENT_TARGET = 15.5;
				MTL_ENABLE_DEBUG_INFO = NO;
				MTL_FAST_MATH = YES;
				SDKROOT = iphoneos;
				SWIFT_COMPILATION_MODE = wholemodule;
				SWIFT_OPTIMIZATION_LEVEL = "-O";
				VALIDATE_PRODUCT = YES;
			};
			name = Release;
		};
		D85DCC832D56C5B800CE4BAD /* Debug */ = {
			isa = XCBuildConfiguration;
			buildSettings = {
				ASSETCATALOG_COMPILER_APPICON_NAME = AppIcon;
				ASSETCATALOG_COMPILER_GLOBAL_ACCENT_COLOR_NAME = AccentColor;
				CODE_SIGN_STYLE = Automatic;
				CURRENT_PROJECT_VERSION = 1;
				DEVELOPMENT_ASSET_PATHS = "\"ChefDelivery/Preview Content\"";
				ENABLE_PREVIEWS = YES;
				GENERATE_INFOPLIST_FILE = YES;
				INFOPLIST_KEY_UIApplicationSceneManifest_Generation = YES;
				INFOPLIST_KEY_UIApplicationSupportsIndirectInputEvents = YES;
				INFOPLIST_KEY_UILaunchScreen_Generation = YES;
				INFOPLIST_KEY_UISupportedInterfaceOrientations_iPad = "UIInterfaceOrientationPortrait UIInterfaceOrientationPortraitUpsideDown UIInterfaceOrientationLandscapeLeft UIInterfaceOrientationLandscapeRight";
				INFOPLIST_KEY_UISupportedInterfaceOrientations_iPhone = "UIInterfaceOrientationPortrait UIInterfaceOrientationLandscapeLeft UIInterfaceOrientationLandscapeRight";
				LD_RUNPATH_SEARCH_PATHS = (
					"$(inherited)",
					"@executable_path/Frameworks",
				);
				MARKETING_VERSION = 1.0;
				PRODUCT_BUNDLE_IDENTIFIER = br.com.ericarodrigs.ChefDelivery;
				PRODUCT_NAME = "$(TARGET_NAME)";
				SWIFT_EMIT_LOC_STRINGS = YES;
				SWIFT_VERSION = 5.0;
				TARGETED_DEVICE_FAMILY = "1,2";
			};
			name = Debug;
		};
		D85DCC842D56C5B800CE4BAD /* Release */ = {
			isa = XCBuildConfiguration;
			buildSettings = {
				ASSETCATALOG_COMPILER_APPICON_NAME = AppIcon;
				ASSETCATALOG_COMPILER_GLOBAL_ACCENT_COLOR_NAME = AccentColor;
				CODE_SIGN_STYLE = Automatic;
				CURRENT_PROJECT_VERSION = 1;
				DEVELOPMENT_ASSET_PATHS = "\"ChefDelivery/Preview Content\"";
				ENABLE_PREVIEWS = YES;
				GENERATE_INFOPLIST_FILE = YES;
				INFOPLIST_KEY_UIApplicationSceneManifest_Generation = YES;
				INFOPLIST_KEY_UIApplicationSupportsIndirectInputEvents = YES;
				INFOPLIST_KEY_UILaunchScreen_Generation = YES;
				INFOPLIST_KEY_UISupportedInterfaceOrientations_iPad = "UIInterfaceOrientationPortrait UIInterfaceOrientationPortraitUpsideDown UIInterfaceOrientationLandscapeLeft UIInterfaceOrientationLandscapeRight";
				INFOPLIST_KEY_UISupportedInterfaceOrientations_iPhone = "UIInterfaceOrientationPortrait UIInterfaceOrientationLandscapeLeft UIInterfaceOrientationLandscapeRight";
				LD_RUNPATH_SEARCH_PATHS = (
					"$(inherited)",
					"@executable_path/Frameworks",
				);
				MARKETING_VERSION = 1.0;
				PRODUCT_BUNDLE_IDENTIFIER = br.com.ericarodrigs.ChefDelivery;
				PRODUCT_NAME = "$(TARGET_NAME)";
				SWIFT_EMIT_LOC_STRINGS = YES;
				SWIFT_VERSION = 5.0;
				TARGETED_DEVICE_FAMILY = "1,2";
			};
			name = Release;
		};
		D85DCC862D56C5B800CE4BAD /* Debug */ = {
			isa = XCBuildConfiguration;
			buildSettings = {
				ALWAYS_EMBED_SWIFT_STANDARD_LIBRARIES = YES;
				BUNDLE_LOADER = "$(TEST_HOST)";
				CODE_SIGN_STYLE = Automatic;
				CURRENT_PROJECT_VERSION = 1;
				GENERATE_INFOPLIST_FILE = YES;
				IPHONEOS_DEPLOYMENT_TARGET = 15.5;
				MARKETING_VERSION = 1.0;
				PRODUCT_BUNDLE_IDENTIFIER = br.com.ericarodrigs.ChefDeliveryTests;
				PRODUCT_NAME = "$(TARGET_NAME)";
				SWIFT_EMIT_LOC_STRINGS = NO;
				SWIFT_VERSION = 5.0;
				TARGETED_DEVICE_FAMILY = "1,2";
				TEST_HOST = "$(BUILT_PRODUCTS_DIR)/ChefDelivery.app/ChefDelivery";
			};
			name = Debug;
		};
		D85DCC872D56C5B800CE4BAD /* Release */ = {
			isa = XCBuildConfiguration;
			buildSettings = {
				ALWAYS_EMBED_SWIFT_STANDARD_LIBRARIES = YES;
				BUNDLE_LOADER = "$(TEST_HOST)";
				CODE_SIGN_STYLE = Automatic;
				CURRENT_PROJECT_VERSION = 1;
				GENERATE_INFOPLIST_FILE = YES;
				IPHONEOS_DEPLOYMENT_TARGET = 15.5;
				MARKETING_VERSION = 1.0;
				PRODUCT_BUNDLE_IDENTIFIER = br.com.ericarodrigs.ChefDeliveryTests;
				PRODUCT_NAME = "$(TARGET_NAME)";
				SWIFT_EMIT_LOC_STRINGS = NO;
				SWIFT_VERSION = 5.0;
				TARGETED_DEVICE_FAMILY = "1,2";
				TEST_HOST = "$(BUILT_PRODUCTS_DIR)/ChefDelivery.app/ChefDelivery";
			};
			name = Release;
		};
		D85DCC892D56C5B800CE4BAD /* Debug */ = {
			isa = XCBuildConfiguration;
			buildSettings = {
				ALWAYS_EMBED_SWIFT_STANDARD_LIBRARIES = YES;
				CODE_SIGN_STYLE = Automatic;
				CURRENT_PROJECT_VERSION = 1;
				GENERATE_INFOPLIST_FILE = YES;
				MARKETING_VERSION = 1.0;
				PRODUCT_BUNDLE_IDENTIFIER = br.com.ericarodrigs.ChefDeliveryUITests;
				PRODUCT_NAME = "$(TARGET_NAME)";
				SWIFT_EMIT_LOC_STRINGS = NO;
				SWIFT_VERSION = 5.0;
				TARGETED_DEVICE_FAMILY = "1,2";
				TEST_TARGET_NAME = ChefDelivery;
			};
			name = Debug;
		};
		D85DCC8A2D56C5B800CE4BAD /* Release */ = {
			isa = XCBuildConfiguration;
			buildSettings = {
				ALWAYS_EMBED_SWIFT_STANDARD_LIBRARIES = YES;
				CODE_SIGN_STYLE = Automatic;
				CURRENT_PROJECT_VERSION = 1;
				GENERATE_INFOPLIST_FILE = YES;
				MARKETING_VERSION = 1.0;
				PRODUCT_BUNDLE_IDENTIFIER = br.com.ericarodrigs.ChefDeliveryUITests;
				PRODUCT_NAME = "$(TARGET_NAME)";
				SWIFT_EMIT_LOC_STRINGS = NO;
				SWIFT_VERSION = 5.0;
				TARGETED_DEVICE_FAMILY = "1,2";
				TEST_TARGET_NAME = ChefDelivery;
			};
			name = Release;
		};
/* End XCBuildConfiguration section */

/* Begin XCConfigurationList section */
		D85DCC592D56C5B300CE4BAD /* Build configuration list for PBXProject "ChefDelivery" */ = {
			isa = XCConfigurationList;
			buildConfigurations = (
				D85DCC802D56C5B800CE4BAD /* Debug */,
				D85DCC812D56C5B800CE4BAD /* Release */,
			);
			defaultConfigurationIsVisible = 0;
			defaultConfigurationName = Release;
		};
		D85DCC822D56C5B800CE4BAD /* Build configuration list for PBXNativeTarget "ChefDelivery" */ = {
			isa = XCConfigurationList;
			buildConfigurations = (
				D85DCC832D56C5B800CE4BAD /* Debug */,
				D85DCC842D56C5B800CE4BAD /* Release */,
			);
			defaultConfigurationIsVisible = 0;
			defaultConfigurationName = Release;
		};
		D85DCC852D56C5B800CE4BAD /* Build configuration list for PBXNativeTarget "ChefDeliveryTests" */ = {
			isa = XCConfigurationList;
			buildConfigurations = (
				D85DCC862D56C5B800CE4BAD /* Debug */,
				D85DCC872D56C5B800CE4BAD /* Release */,
			);
			defaultConfigurationIsVisible = 0;
			defaultConfigurationName = Release;
		};
		D85DCC882D56C5B800CE4BAD /* Build configuration list for PBXNativeTarget "ChefDeliveryUITests" */ = {
			isa = XCConfigurationList;
			buildConfigurations = (
				D85DCC892D56C5B800CE4BAD /* Debug */,
				D85DCC8A2D56C5B800CE4BAD /* Release */,
			);
			defaultConfigurationIsVisible = 0;
			defaultConfigurationName = Release;
		};
/* End XCConfigurationList section */
	};
	rootObject = D85DCC562D56C5B300CE4BAD /* Project object */;
}
